
Microsoft Visual Studio Solution File, Format Version 12.00
# Visual Studio Version 16
VisualStudioVersion = 16.0.29009.5
MinimumVisualStudioVersion = 10.0.40219.1
Project("{FAE04EC0-301F-11D3-BF4B-00C04F79EFBC}") = "OdeToFood", "OdeToFood\OdeToFood.csproj", "{5A868B0B-A2D7-49F5-B5B7-88656342B8D2}"
EndProject
Project("{FAE04EC0-301F-11D3-BF4B-00C04F79EFBC}") = "OdeToFood.Core", "OdeToFood.Core\OdeToFood.Core.csproj", "{B345BC17-56A2-4214-8054-DF29A7E41F6C}"
EndProject
Project("{FAE04EC0-301F-11D3-BF4B-00C04F79EFBC}") = "OdeToFood.Data", "OdeToFood.Data\OdeToFood.Data.csproj", "{493C62C3-CD9B-4C17-819D-88F9A3A80D3B}"
EndProject
Global
	GlobalSection(SolutionConfigurationPlatforms) = preSolution
		Debug|Any CPU = Debug|Any CPU
		Release|Any CPU = Release|Any CPU
	EndGlobalSection
	GlobalSection(ProjectConfigurationPlatforms) = postSolution
		{5A868B0B-A2D7-49F5-B5B7-88656342B8D2}.Debug|Any CPU.ActiveCfg = Debug|Any CPU
		{5A868B0B-A2D7-49F5-B5B7-88656342B8D2}.Debug|Any CPU.Build.0 = Debug|Any CPU
		{5A868B0B-A2D7-49F5-B5B7-88656342B8D2}.Release|Any CPU.ActiveCfg = Release|Any CPU
		{5A868B0B-A2D7-49F5-B5B7-88656342B8D2}.Release|Any CPU.Build.0 = Release|Any CPU
		{B345BC17-56A2-4214-8054-DF29A7E41F6C}.Debug|Any CPU.ActiveCfg = Debug|Any CPU
		{B345BC17-56A2-4214-8054-DF29A7E41F6C}.Debug|Any CPU.Build.0 = Debug|Any CPU
		{B345BC17-56A2-4214-8054-DF29A7E41F6C}.Release|Any CPU.ActiveCfg = Release|Any CPU
		{B345BC17-56A2-4214-8054-DF29A7E41F6C}.Release|Any CPU.Build.0 = Release|Any CPU
		{493C62C3-CD9B-4C17-819D-88F9A3A80D3B}.Debug|Any CPU.ActiveCfg = Debug|Any CPU
		{493C62C3-CD9B-4C17-819D-88F9A3A80D3B}.Debug|Any CPU.Build.0 = Debug|Any CPU
		{493C62C3-CD9B-4C17-819D-88F9A3A80D3B}.Release|Any CPU.ActiveCfg = Release|Any CPU
		{493C62C3-CD9B-4C17-819D-88F9A3A80D3B}.Release|Any CPU.Build.0 = Release|Any CPU
	EndGlobalSection
	GlobalSection(SolutionProperties) = preSolution
		HideSolutionNode = FALSE
	EndGlobalSection
	GlobalSection(ExtensibilityGlobals) = postSolution
		SolutionGuid = {8CFD3BB9-4ED3-40D2-AFAB-DAAF82F532A8}
	EndGlobalSection
EndGlobal
